<Solution>
  <Folder Name="/Docs/">
    <File Path="../docfx.json" />
    <File Path="../docs/getting-started-rpc.md" />
    <File Path="../docs/getting-started-ws.md" />
    <File Path="../docs/getting-started.md" />
    <File Path="../docs/introduction.md" />
    <File Path="../docs/toc.yml" />
  </Folder>
  <Folder Name="/Project/">
    <File Path="../.github/workflows/releaseplease.yml" />
    <File Path="../assets/logo.png" />
    <File Path="../CHANGELOG.md" />
    <File Path="../README.md" />
  </Folder>
  <Project Path="SillyMIDI.MusicAssistant.Demo/SillyMIDI.MusicAssistant.Demo.csproj" />
  <Project Path="SillyMIDI.MusicAssistant.Generators.Attributes/SillyMIDI.MusicAssistant.Generators.Attributes.csproj" Id="20e19c06-a45e-4e7c-b889-6456c2fb882e" />
  <Project Path="SillyMIDI.MusicAssistant.Generators/SillyMIDI.MusicAssistant.Generators.csproj" />
  <Project Path="SillyMIDI.MusicAssistant/SillyMIDI.MusicAssistant.csproj" />
</Solution>
